
Microsoft Visual Studio Solution File, Format Version 12.00
# Visual Studio Version 17
VisualStudioVersion = 17.7.34009.444
MinimumVisualStudioVersion = 10.0.40219.1
Project("{FAE04EC0-301F-11D3-BF4B-00C04F79EFBC}") = "Quarantine", "Quarantine\Quarantine.csproj", "{EE7DC661-5B62-4F5B-9D5E-60BD94EA51A4}"
EndProject
Global
	GlobalSection(SolutionConfigurationPlatforms) = preSolution
		Debug|Any CPU = Debug|Any CPU
		Release|Any CPU = Release|Any CPU
	EndGlobalSection
	GlobalSection(ProjectConfigurationPlatforms) = postSolution
		{EE7DC661-5B62-4F5B-9D5E-60BD94EA51A4}.Debug|Any CPU.ActiveCfg = Debug|Any CPU
		{EE7DC661-5B62-4F5B-9D5E-60BD94EA51A4}.Debug|Any CPU.Build.0 = Debug|Any CPU
		{EE7DC661-5B62-4F5B-9D5E-60BD94EA51A4}.Release|Any CPU.ActiveCfg = Release|Any CPU
		{EE7DC661-5B62-4F5B-9D5E-60BD94EA51A4}.Release|Any CPU.Build.0 = Release|Any CPU
	EndGlobalSection
	GlobalSection(SolutionProperties) = preSolution
		HideSolutionNode = FALSE
	EndGlobalSection
	GlobalSection(ExtensibilityGlobals) = postSolution
		SolutionGuid = {7E9EF010-9E01-462B-AF71-29E0AFFB60D4}
	EndGlobalSection
EndGlobal
